
Microsoft Visual Studio Solution File, Format Version 12.00
# Visual Studio Version 17
VisualStudioVersion = 17.14.36414.22
MinimumVisualStudioVersion = 10.0.40219.1
Project("{FAE04EC0-301F-11D3-BF4B-00C04F79EFBC}") = "InventoryService", "InventoryService\InventoryService.csproj", "{03077EE0-D64B-4D39-B064-10AC83664A72}"
EndProject
Project("{FAE04EC0-301F-11D3-BF4B-00C04F79EFBC}") = "DAL", "DAL\DAL.csproj", "{9E4C4F21-60CD-4F8B-976E-12C85D687EE5}"
EndProject
Project("{FAE04EC0-301F-11D3-BF4B-00C04F79EFBC}") = "BLL", "BLL\BLL.csproj", "{5F504991-B739-4599-93D9-2BF4E64E347F}"
EndProject
Global
	GlobalSection(SolutionConfigurationPlatforms) = preSolution
		Debug|Any CPU = Debug|Any CPU
		Release|Any CPU = Release|Any CPU
	EndGlobalSection
	GlobalSection(ProjectConfigurationPlatforms) = postSolution
		{03077EE0-D64B-4D39-B064-10AC83664A72}.Debug|Any CPU.ActiveCfg = Debug|Any CPU
		{03077EE0-D64B-4D39-B064-10AC83664A72}.Debug|Any CPU.Build.0 = Debug|Any CPU
		{03077EE0-D64B-4D39-B064-10AC83664A72}.Release|Any CPU.ActiveCfg = Release|Any CPU
		{03077EE0-D64B-4D39-B064-10AC83664A72}.Release|Any CPU.Build.0 = Release|Any CPU
		{9E4C4F21-60CD-4F8B-976E-12C85D687EE5}.Debug|Any CPU.ActiveCfg = Debug|Any CPU
		{9E4C4F21-60CD-4F8B-976E-12C85D687EE5}.Debug|Any CPU.Build.0 = Debug|Any CPU
		{9E4C4F21-60CD-4F8B-976E-12C85D687EE5}.Release|Any CPU.ActiveCfg = Release|Any CPU
		{9E4C4F21-60CD-4F8B-976E-12C85D687EE5}.Release|Any CPU.Build.0 = Release|Any CPU
		{5F504991-B739-4599-93D9-2BF4E64E347F}.Debug|Any CPU.ActiveCfg = Debug|Any CPU
		{5F504991-B739-4599-93D9-2BF4E64E347F}.Debug|Any CPU.Build.0 = Debug|Any CPU
		{5F504991-B739-4599-93D9-2BF4E64E347F}.Release|Any CPU.ActiveCfg = Release|Any CPU
		{5F504991-B739-4599-93D9-2BF4E64E347F}.Release|Any CPU.Build.0 = Release|Any CPU
	EndGlobalSection
	GlobalSection(SolutionProperties) = preSolution
		HideSolutionNode = FALSE
	EndGlobalSection
	GlobalSection(ExtensibilityGlobals) = postSolution
		SolutionGuid = {A72BD22A-7E15-4836-A74B-866979A6AC84}
	EndGlobalSection
EndGlobal
